
Microsoft Visual Studio Solution File, Format Version 12.00
# Visual Studio Version 17
VisualStudioVersion = 17.11.35222.181
MinimumVisualStudioVersion = 10.0.40219.1
Project("{9A19103F-16F7-4668-BE54-9A1E7A4F7556}") = "BlazorFileUpload", "BlazorFileUpload\BlazorFileUpload.csproj", "{29049101-8C60-484F-A15B-958C0E511BB0}"
EndProject
Global
	GlobalSection(SolutionConfigurationPlatforms) = preSolution
		Debug|Any CPU = Debug|Any CPU
		Release|Any CPU = Release|Any CPU
	EndGlobalSection
	GlobalSection(ProjectConfigurationPlatforms) = postSolution
		{29049101-8C60-484F-A15B-958C0E511BB0}.Debug|Any CPU.ActiveCfg = Debug|Any CPU
		{29049101-8C60-484F-A15B-958C0E511BB0}.Debug|Any CPU.Build.0 = Debug|Any CPU
		{29049101-8C60-484F-A15B-958C0E511BB0}.Release|Any CPU.ActiveCfg = Release|Any CPU
		{29049101-8C60-484F-A15B-958C0E511BB0}.Release|Any CPU.Build.0 = Release|Any CPU
	EndGlobalSection
	GlobalSection(SolutionProperties) = preSolution
		HideSolutionNode = FALSE
	EndGlobalSection
	GlobalSection(ExtensibilityGlobals) = postSolution
		SolutionGuid = {7E886102-4418-424D-B41C-4FB77197E27F}
	EndGlobalSection
EndGlobal
